
Microsoft Visual Studio Solution File, Format Version 12.00
# Visual Studio Version 17
VisualStudioVersion = 17.5.33414.496
MinimumVisualStudioVersion = 10.0.40219.1
Project("{FAE04EC0-301F-11D3-BF4B-00C04F79EFBC}") = "FirstClass", "FirstClass\FirstClass.csproj", "{E79A1B35-A8CE-47FF-B756-9791AA384AE8}"
EndProject
Project("{FAE04EC0-301F-11D3-BF4B-00C04F79EFBC}") = "Person", "Person\Person.csproj", "{81F59183-2AEB-410E-9F24-1AD32655D0A6}"
EndProject
Project("{FAE04EC0-301F-11D3-BF4B-00C04F79EFBC}") = "DogMeeting", "DogMeeting\DogMeeting.csproj", "{8EDE57C8-C7C2-44D5-8FDB-9E4EAC12778D}"
EndProject
Project("{FAE04EC0-301F-11D3-BF4B-00C04F79EFBC}") = "PackOfDogs", "PackOfDogs\PackOfDogs.csproj", "{564BA78B-B580-4AD1-91C2-88CAE6C85463}"
EndProject
Project("{FAE04EC0-301F-11D3-BF4B-00C04F79EFBC}") = "MyPets", "MyPets\MyPets.csproj", "{4199237A-BA71-4752-8E00-15CADEA5E7F3}"
EndProject
Global
	GlobalSection(SolutionConfigurationPlatforms) = preSolution
		Debug|Any CPU = Debug|Any CPU
		Release|Any CPU = Release|Any CPU
	EndGlobalSection
	GlobalSection(ProjectConfigurationPlatforms) = postSolution
		{E79A1B35-A8CE-47FF-B756-9791AA384AE8}.Debug|Any CPU.ActiveCfg = Debug|Any CPU
		{E79A1B35-A8CE-47FF-B756-9791AA384AE8}.Debug|Any CPU.Build.0 = Debug|Any CPU
		{E79A1B35-A8CE-47FF-B756-9791AA384AE8}.Release|Any CPU.ActiveCfg = Release|Any CPU
		{E79A1B35-A8CE-47FF-B756-9791AA384AE8}.Release|Any CPU.Build.0 = Release|Any CPU
		{81F59183-2AEB-410E-9F24-1AD32655D0A6}.Debug|Any CPU.ActiveCfg = Debug|Any CPU
		{81F59183-2AEB-410E-9F24-1AD32655D0A6}.Debug|Any CPU.Build.0 = Debug|Any CPU
		{81F59183-2AEB-410E-9F24-1AD32655D0A6}.Release|Any CPU.ActiveCfg = Release|Any CPU
		{81F59183-2AEB-410E-9F24-1AD32655D0A6}.Release|Any CPU.Build.0 = Release|Any CPU
		{8EDE57C8-C7C2-44D5-8FDB-9E4EAC12778D}.Debug|Any CPU.ActiveCfg = Debug|Any CPU
		{8EDE57C8-C7C2-44D5-8FDB-9E4EAC12778D}.Debug|Any CPU.Build.0 = Debug|Any CPU
		{8EDE57C8-C7C2-44D5-8FDB-9E4EAC12778D}.Release|Any CPU.ActiveCfg = Release|Any CPU
		{8EDE57C8-C7C2-44D5-8FDB-9E4EAC12778D}.Release|Any CPU.Build.0 = Release|Any CPU
		{564BA78B-B580-4AD1-91C2-88CAE6C85463}.Debug|Any CPU.ActiveCfg = Debug|Any CPU
		{564BA78B-B580-4AD1-91C2-88CAE6C85463}.Debug|Any CPU.Build.0 = Debug|Any CPU
		{564BA78B-B580-4AD1-91C2-88CAE6C85463}.Release|Any CPU.ActiveCfg = Release|Any CPU
		{564BA78B-B580-4AD1-91C2-88CAE6C85463}.Release|Any CPU.Build.0 = Release|Any CPU
		{4199237A-BA71-4752-8E00-15CADEA5E7F3}.Debug|Any CPU.ActiveCfg = Debug|Any CPU
		{4199237A-BA71-4752-8E00-15CADEA5E7F3}.Debug|Any CPU.Build.0 = Debug|Any CPU
		{4199237A-BA71-4752-8E00-15CADEA5E7F3}.Release|Any CPU.ActiveCfg = Release|Any CPU
		{4199237A-BA71-4752-8E00-15CADEA5E7F3}.Release|Any CPU.Build.0 = Release|Any CPU
	EndGlobalSection
	GlobalSection(SolutionProperties) = preSolution
		HideSolutionNode = FALSE
	EndGlobalSection
	GlobalSection(ExtensibilityGlobals) = postSolution
		SolutionGuid = {CD96ADF0-5275-4188-B153-B8296350F117}
	EndGlobalSection
EndGlobal
